
Microsoft Visual Studio Solution File, Format Version 12.00
# Visual Studio 14
VisualStudioVersion = 14.0.23107.0
MinimumVisualStudioVersion = 10.0.40219.1
Project("{FAE04EC0-301F-11D3-BF4B-00C04F79EFBC}") = "FileImporter", "FileImporter\FileImporter.csproj", "{453821C4-5FB0-460F-A530-4DE6C5FD087B}"
EndProject
Project("{FAE04EC0-301F-11D3-BF4B-00C04F79EFBC}") = "FileImporter/FileImporter.Tests", "FileImporter.Tests\FileImporter.Tests.csproj", "{74688854-5672-476D-8DC7-757B4A9AADE0}"
EndProject
Global
	GlobalSection(SolutionConfigurationPlatforms) = preSolution
		Debug|Any CPU = Debug|Any CPU
		Release|Any CPU = Release|Any CPU
	EndGlobalSection
	GlobalSection(ProjectConfigurationPlatforms) = postSolution
		{453821C4-5FB0-460F-A530-4DE6C5FD087B}.Debug|Any CPU.ActiveCfg = Debug|Any CPU
		{453821C4-5FB0-460F-A530-4DE6C5FD087B}.Debug|Any CPU.Build.0 = Debug|Any CPU
		{453821C4-5FB0-460F-A530-4DE6C5FD087B}.Release|Any CPU.ActiveCfg = Release|Any CPU
		{453821C4-5FB0-460F-A530-4DE6C5FD087B}.Release|Any CPU.Build.0 = Release|Any CPU
		{74688854-5672-476D-8DC7-757B4A9AADE0}.Debug|Any CPU.ActiveCfg = Debug|Any CPU
		{74688854-5672-476D-8DC7-757B4A9AADE0}.Debug|Any CPU.Build.0 = Debug|Any CPU
		{74688854-5672-476D-8DC7-757B4A9AADE0}.Release|Any CPU.ActiveCfg = Release|Any CPU
		{74688854-5672-476D-8DC7-757B4A9AADE0}.Release|Any CPU.Build.0 = Release|Any CPU
	EndGlobalSection
	GlobalSection(SolutionProperties) = preSolution
		HideSolutionNode = FALSE
	EndGlobalSection
EndGlobal
